
Microsoft Visual Studio Solution File, Format Version 12.00
# Visual Studio Version 17
VisualStudioVersion = 17.8.34525.116
MinimumVisualStudioVersion = 10.0.40219.1
Project("{9A19103F-16F7-4668-BE54-9A1E7A4F7556}") = "WebCDA", "WebCDA\WebCDA.csproj", "{82FD9765-D555-4024-854B-3217C50B0924}"
EndProject
Project("{2150E333-8FDC-42A3-9474-1A3956D46DE8}") = "DataAccessLayer", "DataAccessLayer", "{5357714E-36D2-4A51-A98C-8E9D8D9F4B86}"
EndProject
Project("{9A19103F-16F7-4668-BE54-9A1E7A4F7556}") = "ORM", "ORM\ORM.csproj", "{3F65D46D-B7AB-4CC4-B514-4B69FCE9012C}"
EndProject
Project("{2150E333-8FDC-42A3-9474-1A3956D46DE8}") = "Domaine", "Domaine", "{5AF447E1-DFE4-40F3-886E-64DEF24E572F}"
EndProject
Project("{9A19103F-16F7-4668-BE54-9A1E7A4F7556}") = "Models", "Models\Models.csproj", "{F85B9C05-3D11-4B3B-8FC2-B5349C26E4B2}"
EndProject
Project("{9A19103F-16F7-4668-BE54-9A1E7A4F7556}") = "IDataRepository", "IDataRepository\IDataRepository.csproj", "{A62FEBD0-05AE-4F2B-B76C-36391C8A6DC6}"
EndProject
Project("{9A19103F-16F7-4668-BE54-9A1E7A4F7556}") = "DataRepository", "DataRepository\DataRepository.csproj", "{06C7CE47-3C25-4311-95A3-3ABB9EBD78DF}"
EndProject
Project("{2150E333-8FDC-42A3-9474-1A3956D46DE8}") = "BusinessLogicLayer", "BusinessLogicLayer", "{46D73FDB-83F1-45ED-9F3E-0629FAE7B560}"
EndProject
Project("{9A19103F-16F7-4668-BE54-9A1E7A4F7556}") = "IBusinessLayer", "IBusinessLayer\IBusinessLayer.csproj", "{692B0B91-C26A-4000-8732-C9FD488C645F}"
EndProject
Project("{9A19103F-16F7-4668-BE54-9A1E7A4F7556}") = "BusinessLayer", "BusinessLayer\BusinessLayer.csproj", "{587E2428-1C26-4DDF-8762-3E4E70A3103E}"
EndProject
Project("{FAE04EC0-301F-11D3-BF4B-00C04F79EFBC}") = "ApiCDA", "ApiCDA\ApiCDA.csproj", "{F7E0BDAE-0F18-4C8B-8AF8-AA74EB38EF09}"
EndProject
Global
	GlobalSection(SolutionConfigurationPlatforms) = preSolution
		Debug|Any CPU = Debug|Any CPU
		Release|Any CPU = Release|Any CPU
	EndGlobalSection
	GlobalSection(ProjectConfigurationPlatforms) = postSolution
		{82FD9765-D555-4024-854B-3217C50B0924}.Debug|Any CPU.ActiveCfg = Debug|Any CPU
		{82FD9765-D555-4024-854B-3217C50B0924}.Debug|Any CPU.Build.0 = Debug|Any CPU
		{82FD9765-D555-4024-854B-3217C50B0924}.Release|Any CPU.ActiveCfg = Release|Any CPU
		{82FD9765-D555-4024-854B-3217C50B0924}.Release|Any CPU.Build.0 = Release|Any CPU
		{3F65D46D-B7AB-4CC4-B514-4B69FCE9012C}.Debug|Any CPU.ActiveCfg = Debug|Any CPU
		{3F65D46D-B7AB-4CC4-B514-4B69FCE9012C}.Debug|Any CPU.Build.0 = Debug|Any CPU
		{3F65D46D-B7AB-4CC4-B514-4B69FCE9012C}.Release|Any CPU.ActiveCfg = Release|Any CPU
		{3F65D46D-B7AB-4CC4-B514-4B69FCE9012C}.Release|Any CPU.Build.0 = Release|Any CPU
		{F85B9C05-3D11-4B3B-8FC2-B5349C26E4B2}.Debug|Any CPU.ActiveCfg = Debug|Any CPU
		{F85B9C05-3D11-4B3B-8FC2-B5349C26E4B2}.Debug|Any CPU.Build.0 = Debug|Any CPU
		{F85B9C05-3D11-4B3B-8FC2-B5349C26E4B2}.Release|Any CPU.ActiveCfg = Release|Any CPU
		{F85B9C05-3D11-4B3B-8FC2-B5349C26E4B2}.Release|Any CPU.Build.0 = Release|Any CPU
		{A62FEBD0-05AE-4F2B-B76C-36391C8A6DC6}.Debug|Any CPU.ActiveCfg = Debug|Any CPU
		{A62FEBD0-05AE-4F2B-B76C-36391C8A6DC6}.Debug|Any CPU.Build.0 = Debug|Any CPU
		{A62FEBD0-05AE-4F2B-B76C-36391C8A6DC6}.Release|Any CPU.ActiveCfg = Release|Any CPU
		{A62FEBD0-05AE-4F2B-B76C-36391C8A6DC6}.Release|Any CPU.Build.0 = Release|Any CPU
		{06C7CE47-3C25-4311-95A3-3ABB9EBD78DF}.Debug|Any CPU.ActiveCfg = Debug|Any CPU
		{06C7CE47-3C25-4311-95A3-3ABB9EBD78DF}.Debug|Any CPU.Build.0 = Debug|Any CPU
		{06C7CE47-3C25-4311-95A3-3ABB9EBD78DF}.Release|Any CPU.ActiveCfg = Release|Any CPU
		{06C7CE47-3C25-4311-95A3-3ABB9EBD78DF}.Release|Any CPU.Build.0 = Release|Any CPU
		{692B0B91-C26A-4000-8732-C9FD488C645F}.Debug|Any CPU.ActiveCfg = Debug|Any CPU
		{692B0B91-C26A-4000-8732-C9FD488C645F}.Debug|Any CPU.Build.0 = Debug|Any CPU
		{692B0B91-C26A-4000-8732-C9FD488C645F}.Release|Any CPU.ActiveCfg = Release|Any CPU
		{692B0B91-C26A-4000-8732-C9FD488C645F}.Release|Any CPU.Build.0 = Release|Any CPU
		{587E2428-1C26-4DDF-8762-3E4E70A3103E}.Debug|Any CPU.ActiveCfg = Debug|Any CPU
		{587E2428-1C26-4DDF-8762-3E4E70A3103E}.Debug|Any CPU.Build.0 = Debug|Any CPU
		{587E2428-1C26-4DDF-8762-3E4E70A3103E}.Release|Any CPU.ActiveCfg = Release|Any CPU
		{587E2428-1C26-4DDF-8762-3E4E70A3103E}.Release|Any CPU.Build.0 = Release|Any CPU
		{F7E0BDAE-0F18-4C8B-8AF8-AA74EB38EF09}.Debug|Any CPU.ActiveCfg = Debug|Any CPU
		{F7E0BDAE-0F18-4C8B-8AF8-AA74EB38EF09}.Debug|Any CPU.Build.0 = Debug|Any CPU
		{F7E0BDAE-0F18-4C8B-8AF8-AA74EB38EF09}.Release|Any CPU.ActiveCfg = Release|Any CPU
		{F7E0BDAE-0F18-4C8B-8AF8-AA74EB38EF09}.Release|Any CPU.Build.0 = Release|Any CPU
	EndGlobalSection
	GlobalSection(SolutionProperties) = preSolution
		HideSolutionNode = FALSE
	EndGlobalSection
	GlobalSection(NestedProjects) = preSolution
		{3F65D46D-B7AB-4CC4-B514-4B69FCE9012C} = {5357714E-36D2-4A51-A98C-8E9D8D9F4B86}
		{F85B9C05-3D11-4B3B-8FC2-B5349C26E4B2} = {5AF447E1-DFE4-40F3-886E-64DEF24E572F}
		{A62FEBD0-05AE-4F2B-B76C-36391C8A6DC6} = {5357714E-36D2-4A51-A98C-8E9D8D9F4B86}
		{06C7CE47-3C25-4311-95A3-3ABB9EBD78DF} = {5357714E-36D2-4A51-A98C-8E9D8D9F4B86}
		{692B0B91-C26A-4000-8732-C9FD488C645F} = {46D73FDB-83F1-45ED-9F3E-0629FAE7B560}
		{587E2428-1C26-4DDF-8762-3E4E70A3103E} = {46D73FDB-83F1-45ED-9F3E-0629FAE7B560}
	EndGlobalSection
	GlobalSection(ExtensibilityGlobals) = postSolution
		SolutionGuid = {2199291D-1774-4ED6-B0C7-27A3E99C66C3}
	EndGlobalSection
EndGlobal
